
Microsoft Visual Studio Solution File, Format Version 12.00
# Visual Studio Version 17
VisualStudioVersion = 17.8.34408.163
MinimumVisualStudioVersion = 10.0.40219.1
Project("{FAE04EC0-301F-11D3-BF4B-00C04F79EFBC}") = "UI_application_week11_lec1", "UI_application_week11_lec1\UI_application_week11_lec1.csproj", "{C13DF55B-5FB4-480D-A479-D99BAA2AAC36}"
EndProject
Global
	GlobalSection(SolutionConfigurationPlatforms) = preSolution
		Debug|Any CPU = Debug|Any CPU
		Release|Any CPU = Release|Any CPU
	EndGlobalSection
	GlobalSection(ProjectConfigurationPlatforms) = postSolution
		{C13DF55B-5FB4-480D-A479-D99BAA2AAC36}.Debug|Any CPU.ActiveCfg = Debug|Any CPU
		{C13DF55B-5FB4-480D-A479-D99BAA2AAC36}.Debug|Any CPU.Build.0 = Debug|Any CPU
		{C13DF55B-5FB4-480D-A479-D99BAA2AAC36}.Release|Any CPU.ActiveCfg = Release|Any CPU
		{C13DF55B-5FB4-480D-A479-D99BAA2AAC36}.Release|Any CPU.Build.0 = Release|Any CPU
	EndGlobalSection
	GlobalSection(SolutionProperties) = preSolution
		HideSolutionNode = FALSE
	EndGlobalSection
	GlobalSection(ExtensibilityGlobals) = postSolution
		SolutionGuid = {F223FA5C-FC3E-4925-9918-2C7A3C96334D}
	EndGlobalSection
EndGlobal
